
Microsoft Visual Studio Solution File, Format Version 12.00
# Visual Studio Version 16
VisualStudioVersion = 16.0.30611.23
MinimumVisualStudioVersion = 10.0.40219.1
Project("{FAE04EC0-301F-11D3-BF4B-00C04F79EFBC}") = "AutoIU-client", "AutoIU-client\AutoIU-client.csproj", "{4C1D728F-EEA1-419F-BA78-F6E70D56D50E}"
EndProject
Global
	GlobalSection(SolutionConfigurationPlatforms) = preSolution
		Debug|Any CPU = Debug|Any CPU
		Release|Any CPU = Release|Any CPU
	EndGlobalSection
	GlobalSection(ProjectConfigurationPlatforms) = postSolution
		{4C1D728F-EEA1-419F-BA78-F6E70D56D50E}.Debug|Any CPU.ActiveCfg = Debug|Any CPU
		{4C1D728F-EEA1-419F-BA78-F6E70D56D50E}.Debug|Any CPU.Build.0 = Debug|Any CPU
		{4C1D728F-EEA1-419F-BA78-F6E70D56D50E}.Release|Any CPU.ActiveCfg = Release|Any CPU
		{4C1D728F-EEA1-419F-BA78-F6E70D56D50E}.Release|Any CPU.Build.0 = Release|Any CPU
	EndGlobalSection
	GlobalSection(SolutionProperties) = preSolution
		HideSolutionNode = FALSE
	EndGlobalSection
	GlobalSection(ExtensibilityGlobals) = postSolution
		SolutionGuid = {F2145866-A44F-4A25-BF6F-3707F0CB824F}
	EndGlobalSection
EndGlobal
