
Microsoft Visual Studio Solution File, Format Version 12.00
# Visual Studio Version 16
VisualStudioVersion = 16.0.30128.74
MinimumVisualStudioVersion = 10.0.40219.1
Project("{FAE04EC0-301F-11D3-BF4B-00C04F79EFBC}") = "AutoIU", "AutoIU\AutoIU.csproj", "{9893F31B-0A92-4B31-B348-5D15F4B83E38}"
EndProject
Global
	GlobalSection(SolutionConfigurationPlatforms) = preSolution
		Debug|Any CPU = Debug|Any CPU
		Release|Any CPU = Release|Any CPU
	EndGlobalSection
	GlobalSection(ProjectConfigurationPlatforms) = postSolution
		{9893F31B-0A92-4B31-B348-5D15F4B83E38}.Debug|Any CPU.ActiveCfg = Debug|Any CPU
		{9893F31B-0A92-4B31-B348-5D15F4B83E38}.Debug|Any CPU.Build.0 = Debug|Any CPU
		{9893F31B-0A92-4B31-B348-5D15F4B83E38}.Release|Any CPU.ActiveCfg = Release|Any CPU
		{9893F31B-0A92-4B31-B348-5D15F4B83E38}.Release|Any CPU.Build.0 = Release|Any CPU
	EndGlobalSection
	GlobalSection(SolutionProperties) = preSolution
		HideSolutionNode = FALSE
	EndGlobalSection
	GlobalSection(ExtensibilityGlobals) = postSolution
		SolutionGuid = {53E6CF40-0621-48F0-A2B8-F3FC2BEE73BE}
	EndGlobalSection
EndGlobal
